# THIS IS AN AUTOGENERATED FILE. DO NOT EDIT THIS FILE DIRECTLY.
# yarn lockfile v1


"@jridgewell/gen-mapping@^0.3.5":
  version "0.3.12"
  resolved "https://registry.yarnpkg.com/@jridgewell/gen-mapping/-/gen-mapping-0.3.12.tgz#2234ce26c62889f03db3d7fea43c1932ab3e927b"
  integrity sha512-OuLGC46TjB5BbN1dH8JULVVZY4WTdkF7tV9Ys6wLL1rubZnCMstOhNHueU5bLCrnRuDhKPDM4g6sw4Bel5Gzqg==
  dependencies:
    "@jridgewell/sourcemap-codec" "^1.5.0"
    "@jridgewell/trace-mapping" "^0.3.24"

"@jridgewell/resolve-uri@^3.1.0":
  version "3.1.2"
  resolved "https://registry.yarnpkg.com/@jridgewell/resolve-uri/-/resolve-uri-3.1.2.tgz#7a0ee601f60f99a20c7c7c5ff0c80388c1189bd6"
  integrity sha512-bRISgCIjP20/tbWSPWMEi54QVPRZExkuD9lJL+UIxUKtwVJA8wW1Trb1jMs1RFXo1CBTNZ/5hpC9QvmKWdopKw==

"@jridgewell/source-map@^0.3.3":
  version "0.3.10"
  resolved "https://registry.yarnpkg.com/@jridgewell/source-map/-/source-map-0.3.10.tgz#a35714446a2e84503ff9bfe66f1d1d4846f2075b"
  integrity sha512-0pPkgz9dY+bijgistcTTJ5mR+ocqRXLuhXHYdzoMmmoJ2C9S46RCm2GMUbatPEUK9Yjy26IrAy8D/M00lLkv+Q==
  dependencies:
    "@jridgewell/gen-mapping" "^0.3.5"
    "@jridgewell/trace-mapping" "^0.3.25"

"@jridgewell/sourcemap-codec@^1.4.14", "@jridgewell/sourcemap-codec@^1.5.0":
  version "1.5.4"
  resolved "https://registry.yarnpkg.com/@jridgewell/sourcemap-codec/-/sourcemap-codec-1.5.4.tgz#7358043433b2e5da569aa02cbc4c121da3af27d7"
  integrity sha512-VT2+G1VQs/9oz078bLrYbecdZKs912zQlkelYpuf+SXF+QvZDYJlbx/LSx+meSAwdDFnF8FVXW92AVjjkVmgFw==

"@jridgewell/trace-mapping@^0.3.24", "@jridgewell/trace-mapping@^0.3.25":
  version "0.3.29"
  resolved "https://registry.yarnpkg.com/@jridgewell/trace-mapping/-/trace-mapping-0.3.29.tgz#a58d31eaadaf92c6695680b2e1d464a9b8fbf7fc"
  integrity sha512-uw6guiW/gcAGPDhLmd77/6lW8QLeiV5RUTsAX46Db6oLhGaVj4lhnPwb184s1bkc8kdVg/+h988dro8GRDpmYQ==
  dependencies:
    "@jridgewell/resolve-uri" "^3.1.0"
    "@jridgewell/sourcemap-codec" "^1.4.14"

"@rollup/plugin-terser@0.1.0":
  version "0.1.0"
  resolved "https://registry.yarnpkg.com/@rollup/plugin-terser/-/plugin-terser-0.1.0.tgz#7530c0f11667637419d71820461646c418526041"
  integrity sha512-N2KK+qUfHX2hBzVzM41UWGLrEmcjVC37spC8R3c9mt3oEDFKh3N2e12/lLp9aVSt86veR0TQiCNQXrm8C6aiUQ==
  dependencies:
    terser "^5.15.1"

"@rollup/plugin-typescript@11.1.6":
  version "11.1.6"
  resolved "https://registry.yarnpkg.com/@rollup/plugin-typescript/-/plugin-typescript-11.1.6.tgz#724237d5ec12609ec01429f619d2a3e7d4d1b22b"
  integrity sha512-R92yOmIACgYdJ7dJ97p4K69I8gg6IEHt8M7dUBxN3W6nrO8uUxX5ixl0yU/N3aZTi8WhPuICvOHXQvF6FaykAA==
  dependencies:
    "@rollup/pluginutils" "^5.1.0"
    resolve "^1.22.1"

"@rollup/pluginutils@^5.1.0":
  version "5.1.0"
  resolved "https://registry.yarnpkg.com/@rollup/pluginutils/-/pluginutils-5.1.0.tgz#7e53eddc8c7f483a4ad0b94afb1f7f5fd3c771e0"
  integrity sha512-XTIWOPPcpvyKI6L1NHo0lFlCyznUEyPmPY1mc3KpPVDYulHSTvyeLNVW00QTLIAFNhR3kYnJTQHeGqU4M3n09g==
  dependencies:
    "@types/estree" "^1.0.0"
    estree-walker "^2.0.2"
    picomatch "^2.3.1"

"@rollup/rollup-android-arm-eabi@4.44.2":
  version "4.44.2"
  resolved "https://registry.yarnpkg.com/@rollup/rollup-android-arm-eabi/-/rollup-android-arm-eabi-4.44.2.tgz#6819b7f1e41a49af566f629a1556eaeea774d043"
  integrity sha512-g0dF8P1e2QYPOj1gu7s/3LVP6kze9A7m6x0BZ9iTdXK8N5c2V7cpBKHV3/9A4Zd8xxavdhK0t4PnqjkqVmUc9Q==

"@rollup/rollup-android-arm64@4.44.2":
  version "4.44.2"
  resolved "https://registry.yarnpkg.com/@rollup/rollup-android-arm64/-/rollup-android-arm64-4.44.2.tgz#7bd5591af68c64a75be1779e2b20f187878daba9"
  integrity sha512-Yt5MKrOosSbSaAK5Y4J+vSiID57sOvpBNBR6K7xAaQvk3MkcNVV0f9fE20T+41WYN8hDn6SGFlFrKudtx4EoxA==

"@rollup/rollup-darwin-arm64@4.44.2":
  version "4.44.2"
  resolved "https://registry.yarnpkg.com/@rollup/rollup-darwin-arm64/-/rollup-darwin-arm64-4.44.2.tgz#e216c333e448c67973386e46dbfe8e381aafb055"
  integrity sha512-EsnFot9ZieM35YNA26nhbLTJBHD0jTwWpPwmRVDzjylQT6gkar+zenfb8mHxWpRrbn+WytRRjE0WKsfaxBkVUA==

"@rollup/rollup-darwin-x64@4.44.2":
  version "4.44.2"
  resolved "https://registry.yarnpkg.com/@rollup/rollup-darwin-x64/-/rollup-darwin-x64-4.44.2.tgz#202f80eea3acfe3f67496fedffa006a5f1ce7f5a"
  integrity sha512-dv/t1t1RkCvJdWWxQ2lWOO+b7cMsVw5YFaS04oHpZRWehI1h0fV1gF4wgGCTyQHHjJDfbNpwOi6PXEafRBBezw==

"@rollup/rollup-freebsd-arm64@4.44.2":
  version "4.44.2"
  resolved "https://registry.yarnpkg.com/@rollup/rollup-freebsd-arm64/-/rollup-freebsd-arm64-4.44.2.tgz#4880f9769f1a7eec436b9c146e1d714338c26567"
  integrity sha512-W4tt4BLorKND4qeHElxDoim0+BsprFTwb+vriVQnFFtT/P6v/xO5I99xvYnVzKWrK6j7Hb0yp3x7V5LUbaeOMg==

"@rollup/rollup-freebsd-x64@4.44.2":
  version "4.44.2"
  resolved "https://registry.yarnpkg.com/@rollup/rollup-freebsd-x64/-/rollup-freebsd-x64-4.44.2.tgz#647d6e333349b1c0fb322c2827ba1a53a0f10301"
  integrity sha512-tdT1PHopokkuBVyHjvYehnIe20fxibxFCEhQP/96MDSOcyjM/shlTkZZLOufV3qO6/FQOSiJTBebhVc12JyPTA==

"@rollup/rollup-linux-arm-gnueabihf@4.44.2":
  version "4.44.2"
  resolved "https://registry.yarnpkg.com/@rollup/rollup-linux-arm-gnueabihf/-/rollup-linux-arm-gnueabihf-4.44.2.tgz#7ba5c97a7224f49618861d093c4a7b40fa50867b"
  integrity sha512-+xmiDGGaSfIIOXMzkhJ++Oa0Gwvl9oXUeIiwarsdRXSe27HUIvjbSIpPxvnNsRebsNdUo7uAiQVgBD1hVriwSQ==

"@rollup/rollup-linux-arm-musleabihf@4.44.2":
  version "4.44.2"
  resolved "https://registry.yarnpkg.com/@rollup/rollup-linux-arm-musleabihf/-/rollup-linux-arm-musleabihf-4.44.2.tgz#f858dcf498299d6c625ec697a5191e0e41423905"
  integrity sha512-bDHvhzOfORk3wt8yxIra8N4k/N0MnKInCW5OGZaeDYa/hMrdPaJzo7CSkjKZqX4JFUWjUGm88lI6QJLCM7lDrA==

"@rollup/rollup-linux-arm64-gnu@4.44.2":
  version "4.44.2"
  resolved "https://registry.yarnpkg.com/@rollup/rollup-linux-arm64-gnu/-/rollup-linux-arm64-gnu-4.44.2.tgz#c0f1fc20c50666c61f574536a00cdd486b6aaae1"
  integrity sha512-NMsDEsDiYghTbeZWEGnNi4F0hSbGnsuOG+VnNvxkKg0IGDvFh7UVpM/14mnMwxRxUf9AdAVJgHPvKXf6FpMB7A==

"@rollup/rollup-linux-arm64-musl@4.44.2":
  version "4.44.2"
  resolved "https://registry.yarnpkg.com/@rollup/rollup-linux-arm64-musl/-/rollup-linux-arm64-musl-4.44.2.tgz#0214efc3e404ddf108e946ad5f7e4ee2792a155a"
  integrity sha512-lb5bxXnxXglVq+7imxykIp5xMq+idehfl+wOgiiix0191av84OqbjUED+PRC5OA8eFJYj5xAGcpAZ0pF2MnW+A==

"@rollup/rollup-linux-loongarch64-gnu@4.44.2":
  version "4.44.2"
  resolved "https://registry.yarnpkg.com/@rollup/rollup-linux-loongarch64-gnu/-/rollup-linux-loongarch64-gnu-4.44.2.tgz#8303c4ea2ae7bcbb96b2c77cfb53527d964bfceb"
  integrity sha512-Yl5Rdpf9pIc4GW1PmkUGHdMtbx0fBLE1//SxDmuf3X0dUC57+zMepow2LK0V21661cjXdTn8hO2tXDdAWAqE5g==

"@rollup/rollup-linux-powerpc64le-gnu@4.44.2":
  version "4.44.2"
  resolved "https://registry.yarnpkg.com/@rollup/rollup-linux-powerpc64le-gnu/-/rollup-linux-powerpc64le-gnu-4.44.2.tgz#4197ffbc61809629094c0fccf825e43a40fbc0ca"
  integrity sha512-03vUDH+w55s680YYryyr78jsO1RWU9ocRMaeV2vMniJJW/6HhoTBwyyiiTPVHNWLnhsnwcQ0oH3S9JSBEKuyqw==

"@rollup/rollup-linux-riscv64-gnu@4.44.2":
  version "4.44.2"
  resolved "https://registry.yarnpkg.com/@rollup/rollup-linux-riscv64-gnu/-/rollup-linux-riscv64-gnu-4.44.2.tgz#bcb99c9004c9b91e3704a6a70c892cb0599b1f42"
  integrity sha512-iYtAqBg5eEMG4dEfVlkqo05xMOk6y/JXIToRca2bAWuqjrJYJlx/I7+Z+4hSrsWU8GdJDFPL4ktV3dy4yBSrzg==

"@rollup/rollup-linux-riscv64-musl@4.44.2":
  version "4.44.2"
  resolved "https://registry.yarnpkg.com/@rollup/rollup-linux-riscv64-musl/-/rollup-linux-riscv64-musl-4.44.2.tgz#3e943bae9b8b4637c573c1922392beb8a5e81acb"
  integrity sha512-e6vEbgaaqz2yEHqtkPXa28fFuBGmUJ0N2dOJK8YUfijejInt9gfCSA7YDdJ4nYlv67JfP3+PSWFX4IVw/xRIPg==

"@rollup/rollup-linux-s390x-gnu@4.44.2":
  version "4.44.2"
  resolved "https://registry.yarnpkg.com/@rollup/rollup-linux-s390x-gnu/-/rollup-linux-s390x-gnu-4.44.2.tgz#dc43fb467bff9547f5b9937f38668da07fa8fa9f"
  integrity sha512-evFOtkmVdY3udE+0QKrV5wBx7bKI0iHz5yEVx5WqDJkxp9YQefy4Mpx3RajIVcM6o7jxTvVd/qpC1IXUhGc1Mw==

"@rollup/rollup-linux-x64-gnu@4.44.2":
  version "4.44.2"
  resolved "https://registry.yarnpkg.com/@rollup/rollup-linux-x64-gnu/-/rollup-linux-x64-gnu-4.44.2.tgz#0699c560fa6ce6b846581a7e6c30c85c22a3f0da"
  integrity sha512-/bXb0bEsWMyEkIsUL2Yt5nFB5naLAwyOWMEviQfQY1x3l5WsLKgvZf66TM7UTfED6erckUVUJQ/jJ1FSpm3pRQ==

"@rollup/rollup-linux-x64-musl@4.44.2":
  version "4.44.2"
  resolved "https://registry.yarnpkg.com/@rollup/rollup-linux-x64-musl/-/rollup-linux-x64-musl-4.44.2.tgz#9fb1becedcdc9e227d4748576eb8ba2fad8d2e29"
  integrity sha512-3D3OB1vSSBXmkGEZR27uiMRNiwN08/RVAcBKwhUYPaiZ8bcvdeEwWPvbnXvvXHY+A/7xluzcN+kaiOFNiOZwWg==

"@rollup/rollup-win32-arm64-msvc@4.44.2":
  version "4.44.2"
  resolved "https://registry.yarnpkg.com/@rollup/rollup-win32-arm64-msvc/-/rollup-win32-arm64-msvc-4.44.2.tgz#fcf3e62edd76c560252b819f69627685f65887d7"
  integrity sha512-VfU0fsMK+rwdK8mwODqYeM2hDrF2WiHaSmCBrS7gColkQft95/8tphyzv2EupVxn3iE0FI78wzffoULH1G+dkw==

"@rollup/rollup-win32-ia32-msvc@4.44.2":
  version "4.44.2"
  resolved "https://registry.yarnpkg.com/@rollup/rollup-win32-ia32-msvc/-/rollup-win32-ia32-msvc-4.44.2.tgz#45a5304491d6da4666f6159be4f739d4d43a283f"
  integrity sha512-+qMUrkbUurpE6DVRjiJCNGZBGo9xM4Y0FXU5cjgudWqIBWbcLkjE3XprJUsOFgC6xjBClwVa9k6O3A7K3vxb5Q==

"@rollup/rollup-win32-x64-msvc@4.44.2":
  version "4.44.2"
  resolved "https://registry.yarnpkg.com/@rollup/rollup-win32-x64-msvc/-/rollup-win32-x64-msvc-4.44.2.tgz#660018c9696ad4f48abe8c5d56db53c81aadba25"
  integrity sha512-3+QZROYfJ25PDcxFF66UEk8jGWigHJeecZILvkPkyQN7oc5BvFo4YEXFkOs154j3FTMp9mn9Ky8RCOwastduEA==

"@types/estree@1.0.8":
  version "1.0.8"
  resolved "https://registry.yarnpkg.com/@types/estree/-/estree-1.0.8.tgz#958b91c991b1867ced318bedea0e215ee050726e"
  integrity sha512-dWHzHa2WqEXI/O1E9OjrocMTKJl2mSrEolh1Iomrv6U+JuNwaHXsXx9bLu5gG7BUWFIN0skIQJQ/L1rIex4X6w==

"@types/estree@^1.0.0":
  version "1.0.0"
  resolved "https://registry.yarnpkg.com/@types/estree/-/estree-1.0.0.tgz#5fb2e536c1ae9bf35366eed879e827fa59ca41c2"
  integrity sha512-WulqXMDUTYAXCjZnk6JtIHPigp55cVtDgDrO2gHRwhyJto21+1zbVCtOYB2L1F9w4qCQ0rOGWBnBe0FNTiEJIQ==

acorn@^8.14.0:
  version "8.15.0"
  resolved "https://registry.yarnpkg.com/acorn/-/acorn-8.15.0.tgz#a360898bc415edaac46c8241f6383975b930b816"
  integrity sha512-NZyJarBfL7nWwIq+FDL6Zp/yHEhePMNnnJ0y3qfieCrmNvYct8uvtiV41UvlSe6apAfk0fY1FbWx+NwfmpvtTg==

buffer-from@^1.0.0:
  version "1.1.2"
  resolved "https://registry.yarnpkg.com/buffer-from/-/buffer-from-1.1.2.tgz#2b146a6fd72e80b4f55d255f35ed59a3a9a41bd5"
  integrity sha512-E+XQCRwSbaaiChtv6k6Dwgc+bx+Bs6vuKJHHl5kox/BaKbhiXzqQOwK4cO22yElGp2OCmjwVhT3HmxgyPGnJfQ==

commander@^2.20.0:
  version "2.20.3"
  resolved "https://registry.yarnpkg.com/commander/-/commander-2.20.3.tgz#fd485e84c03eb4881c20722ba48035e8531aeb33"
  integrity sha512-GpVkmM8vF2vQUkj2LvZmD35JxeJOLCwJ9cUkugyk2nuhbv3+mJvpLYYt+0+USMxE+oj+ey/lJEnhZw75x/OMcQ==

estree-walker@^2.0.2:
  version "2.0.2"
  resolved "https://registry.yarnpkg.com/estree-walker/-/estree-walker-2.0.2.tgz#52f010178c2a4c117a7757cfe942adb7d2da4cac"
  integrity sha512-Rfkk/Mp/DL7JVje3u18FxFujQlTNR2q6QfMSMB7AvCBx91NGj/ba3kCfza0f6dVDbw7YlRf/nDrn7pQrCCyQ/w==

fsevents@~2.3.2:
  version "2.3.2"
  resolved "https://registry.yarnpkg.com/fsevents/-/fsevents-2.3.2.tgz#8a526f78b8fdf4623b709e0b975c52c24c02fd1a"
  integrity sha512-xiqMQR4xAeHTuB9uWm+fFRcIOgKBMiOBP+eXiyT7jsgVCq1bkVygt00oASowB7EdtpOHaaPgKt812P9ab+DDKA==

function-bind@^1.1.1:
  version "1.1.1"
  resolved "https://registry.yarnpkg.com/function-bind/-/function-bind-1.1.1.tgz#a56899d3ea3c9bab874bb9773b7c5ede92f4895d"
  integrity sha512-yIovAzMX49sF8Yl58fSCWJ5svSLuaibPxXQJFLmBObTuCr0Mf1KiPopGM9NiFjiYBCbfaa2Fh6breQ6ANVTI0A==

has@^1.0.3:
  version "1.0.3"
  resolved "https://registry.yarnpkg.com/has/-/has-1.0.3.tgz#722d7cbfc1f6aa8241f16dd814e011e1f41e8796"
  integrity sha512-f2dvO0VU6Oej7RkWJGrehjbzMAjFp5/VKPp5tTpWIV4JHHZK1/BxbFRtf/siA2SWTe09caDmVtYYzWEIbBS4zw==
  dependencies:
    function-bind "^1.1.1"

is-core-module@^2.9.0:
  version "2.10.0"
  resolved "https://registry.yarnpkg.com/is-core-module/-/is-core-module-2.10.0.tgz#9012ede0a91c69587e647514e1d5277019e728ed"
  integrity sha512-Erxj2n/LDAZ7H8WNJXd9tw38GYM3dv8rk8Zcs+jJuxYTW7sozH+SS8NtrSjVL1/vpLvWi1hxy96IzjJ3EHTJJg==
  dependencies:
    has "^1.0.3"

path-parse@^1.0.7:
  version "1.0.7"
  resolved "https://registry.yarnpkg.com/path-parse/-/path-parse-1.0.7.tgz#fbc114b60ca42b30d9daf5858e4bd68bbedb6735"
  integrity sha512-LDJzPVEEEPR+y48z93A0Ed0yXb8pAByGWo/k5YYdYgpY2/2EsOsksJrq7lOHxryrVOn1ejG6oAp8ahvOIQD8sw==

picomatch@^2.3.1:
  version "2.3.1"
  resolved "https://registry.yarnpkg.com/picomatch/-/picomatch-2.3.1.tgz#3ba3833733646d9d3e4995946c1365a67fb07a42"
  integrity sha512-JU3teHTNjmE2VCGFzuY8EXzCDVwEqB2a8fsIvwaStHhAWJEeVd1o1QD80CU6+ZdEXXSLbSsuLwJjkCBWqRQUVA==

resolve@^1.22.1:
  version "1.22.1"
  resolved "https://registry.yarnpkg.com/resolve/-/resolve-1.22.1.tgz#27cb2ebb53f91abb49470a928bba7558066ac177"
  integrity sha512-nBpuuYuY5jFsli/JIs1oldw6fOQCBioohqWZg/2hiaOybXOft4lonv85uDOKXdf8rhyK159cxU5cDcK/NKk8zw==
  dependencies:
    is-core-module "^2.9.0"
    path-parse "^1.0.7"
    supports-preserve-symlinks-flag "^1.0.0"

rollup@4.44.2:
  version "4.44.2"
  resolved "https://registry.yarnpkg.com/rollup/-/rollup-4.44.2.tgz#faedb27cb2aa6742530c39668092eecbaf78c488"
  integrity sha512-PVoapzTwSEcelaWGth3uR66u7ZRo6qhPHc0f2uRO9fX6XDVNrIiGYS0Pj9+R8yIIYSD/mCx2b16Ws9itljKSPg==
  dependencies:
    "@types/estree" "1.0.8"
  optionalDependencies:
    "@rollup/rollup-android-arm-eabi" "4.44.2"
    "@rollup/rollup-android-arm64" "4.44.2"
    "@rollup/rollup-darwin-arm64" "4.44.2"
    "@rollup/rollup-darwin-x64" "4.44.2"
    "@rollup/rollup-freebsd-arm64" "4.44.2"
    "@rollup/rollup-freebsd-x64" "4.44.2"
    "@rollup/rollup-linux-arm-gnueabihf" "4.44.2"
    "@rollup/rollup-linux-arm-musleabihf" "4.44.2"
    "@rollup/rollup-linux-arm64-gnu" "4.44.2"
    "@rollup/rollup-linux-arm64-musl" "4.44.2"
    "@rollup/rollup-linux-loongarch64-gnu" "4.44.2"
    "@rollup/rollup-linux-powerpc64le-gnu" "4.44.2"
    "@rollup/rollup-linux-riscv64-gnu" "4.44.2"
    "@rollup/rollup-linux-riscv64-musl" "4.44.2"
    "@rollup/rollup-linux-s390x-gnu" "4.44.2"
    "@rollup/rollup-linux-x64-gnu" "4.44.2"
    "@rollup/rollup-linux-x64-musl" "4.44.2"
    "@rollup/rollup-win32-arm64-msvc" "4.44.2"
    "@rollup/rollup-win32-ia32-msvc" "4.44.2"
    "@rollup/rollup-win32-x64-msvc" "4.44.2"
    fsevents "~2.3.2"

source-map-support@~0.5.20:
  version "0.5.21"
  resolved "https://registry.yarnpkg.com/source-map-support/-/source-map-support-0.5.21.tgz#04fe7c7f9e1ed2d662233c28cb2b35b9f63f6e4f"
  integrity sha512-uBHU3L3czsIyYXKX88fdrGovxdSCoTGDRZ6SYXtSRxLZUzHg5P/66Ht6uoUlHu9EZod+inXhKo3qQgwXUT/y1w==
  dependencies:
    buffer-from "^1.0.0"
    source-map "^0.6.0"

source-map@^0.6.0:
  version "0.6.1"
  resolved "https://registry.yarnpkg.com/source-map/-/source-map-0.6.1.tgz#74722af32e9614e9c287a8d0bbde48b5e2f1a263"
  integrity sha512-UjgapumWlbMhkBgzT7Ykc5YXUT46F0iKu8SGXq0bcwP5dz/h0Plj6enJqjz1Zbq2l5WaqYnrVbwWOWMyF3F47g==

supports-preserve-symlinks-flag@^1.0.0:
  version "1.0.0"
  resolved "https://registry.yarnpkg.com/supports-preserve-symlinks-flag/-/supports-preserve-symlinks-flag-1.0.0.tgz#6eda4bd344a3c94aea376d4cc31bc77311039e09"
  integrity sha512-ot0WnXS9fgdkgIcePe6RHNk1WA8+muPa6cSjeR3V8K27q9BB1rTE3R1p7Hv0z1ZyAc8s6Vvv8DIyWf681MAt0w==

terser@^5.15.1:
  version "5.43.1"
  resolved "https://registry.yarnpkg.com/terser/-/terser-5.43.1.tgz#88387f4f9794ff1a29e7ad61fb2932e25b4fdb6d"
  integrity sha512-+6erLbBm0+LROX2sPXlUYx/ux5PyE9K/a92Wrt6oA+WDAoFTdpHE5tCYCI5PNzq2y8df4rA+QgHLJuR4jNymsg==
  dependencies:
    "@jridgewell/source-map" "^0.3.3"
    acorn "^8.14.0"
    commander "^2.20.0"
    source-map-support "~0.5.20"

tslib@2.8.1:
  version "2.8.1"
  resolved "https://registry.yarnpkg.com/tslib/-/tslib-2.8.1.tgz#612efe4ed235d567e8aba5f2a5fab70280ade83f"
  integrity sha512-oJFu94HQb+KVduSUQL7wnpmqnfmLsOA/nAh6b6EH0wCEoK0/mPeXU6c3wKDV83MkOuHPRHtSXKKU99IBazS/2w==

typescript@5.8.3:
  version "5.8.3"
  resolved "https://registry.yarnpkg.com/typescript/-/typescript-5.8.3.tgz#92f8a3e5e3cf497356f4178c34cd65a7f5e8440e"
  integrity sha512-p1diW6TqL9L07nNxvRMM7hMMw4c5XOo/1ibL4aAIGmSAt9slTE1Xgw5KWuof2uTOvCg9BY7ZRi+GaF+7sfgPeQ==
