# THIS IS AN AUTOGENERATED FILE. DO NOT EDIT THIS FILE DIRECTLY.
# yarn lockfile v1


"@jridgewell/gen-mapping@^0.3.5":
  version "0.3.12"
  resolved "https://registry.yarnpkg.com/@jridgewell/gen-mapping/-/gen-mapping-0.3.12.tgz#2234ce26c62889f03db3d7fea43c1932ab3e927b"
  integrity sha512-OuLGC46TjB5BbN1dH8JULVVZY4WTdkF7tV9Ys6wLL1rubZnCMstOhNHueU5bLCrnRuDhKPDM4g6sw4Bel5Gzqg==
  dependencies:
    "@jridgewell/sourcemap-codec" "^1.5.0"
    "@jridgewell/trace-mapping" "^0.3.24"

"@jridgewell/resolve-uri@^3.1.0":
  version "3.1.2"
  resolved "https://registry.yarnpkg.com/@jridgewell/resolve-uri/-/resolve-uri-3.1.2.tgz#7a0ee601f60f99a20c7c7c5ff0c80388c1189bd6"
  integrity sha512-bRISgCIjP20/tbWSPWMEi54QVPRZExkuD9lJL+UIxUKtwVJA8wW1Trb1jMs1RFXo1CBTNZ/5hpC9QvmKWdopKw==

"@jridgewell/source-map@^0.3.3":
  version "0.3.10"
  resolved "https://registry.yarnpkg.com/@jridgewell/source-map/-/source-map-0.3.10.tgz#a35714446a2e84503ff9bfe66f1d1d4846f2075b"
  integrity sha512-0pPkgz9dY+bijgistcTTJ5mR+ocqRXLuhXHYdzoMmmoJ2C9S46RCm2GMUbatPEUK9Yjy26IrAy8D/M00lLkv+Q==
  dependencies:
    "@jridgewell/gen-mapping" "^0.3.5"
    "@jridgewell/trace-mapping" "^0.3.25"

"@jridgewell/sourcemap-codec@^1.4.14", "@jridgewell/sourcemap-codec@^1.5.0":
  version "1.5.4"
  resolved "https://registry.yarnpkg.com/@jridgewell/sourcemap-codec/-/sourcemap-codec-1.5.4.tgz#7358043433b2e5da569aa02cbc4c121da3af27d7"
  integrity sha512-VT2+G1VQs/9oz078bLrYbecdZKs912zQlkelYpuf+SXF+QvZDYJlbx/LSx+meSAwdDFnF8FVXW92AVjjkVmgFw==

"@jridgewell/trace-mapping@^0.3.24", "@jridgewell/trace-mapping@^0.3.25":
  version "0.3.29"
  resolved "https://registry.yarnpkg.com/@jridgewell/trace-mapping/-/trace-mapping-0.3.29.tgz#a58d31eaadaf92c6695680b2e1d464a9b8fbf7fc"
  integrity sha512-uw6guiW/gcAGPDhLmd77/6lW8QLeiV5RUTsAX46Db6oLhGaVj4lhnPwb184s1bkc8kdVg/+h988dro8GRDpmYQ==
  dependencies:
    "@jridgewell/resolve-uri" "^3.1.0"
    "@jridgewell/sourcemap-codec" "^1.4.14"

"@rollup/plugin-terser@0.1.0":
  version "0.1.0"
  resolved "https://registry.yarnpkg.com/@rollup/plugin-terser/-/plugin-terser-0.1.0.tgz#7530c0f11667637419d71820461646c418526041"
  integrity sha512-N2KK+qUfHX2hBzVzM41UWGLrEmcjVC37spC8R3c9mt3oEDFKh3N2e12/lLp9aVSt86veR0TQiCNQXrm8C6aiUQ==
  dependencies:
    terser "^5.15.1"

"@rollup/plugin-typescript@11.1.6":
  version "11.1.6"
  resolved "https://registry.yarnpkg.com/@rollup/plugin-typescript/-/plugin-typescript-11.1.6.tgz#724237d5ec12609ec01429f619d2a3e7d4d1b22b"
  integrity sha512-R92yOmIACgYdJ7dJ97p4K69I8gg6IEHt8M7dUBxN3W6nrO8uUxX5ixl0yU/N3aZTi8WhPuICvOHXQvF6FaykAA==
  dependencies:
    "@rollup/pluginutils" "^5.1.0"
    resolve "^1.22.1"

"@rollup/pluginutils@^5.1.0":
  version "5.1.0"
  resolved "https://registry.yarnpkg.com/@rollup/pluginutils/-/pluginutils-5.1.0.tgz#7e53eddc8c7f483a4ad0b94afb1f7f5fd3c771e0"
  integrity sha512-XTIWOPPcpvyKI6L1NHo0lFlCyznUEyPmPY1mc3KpPVDYulHSTvyeLNVW00QTLIAFNhR3kYnJTQHeGqU4M3n09g==
  dependencies:
    "@types/estree" "^1.0.0"
    estree-walker "^2.0.2"
    picomatch "^2.3.1"

"@rollup/rollup-android-arm-eabi@4.45.3":
  version "4.45.3"
  resolved "https://registry.yarnpkg.com/@rollup/rollup-android-arm-eabi/-/rollup-android-arm-eabi-4.45.3.tgz#0b5958277ea4e4ad811ac08ad7fab3004698ca28"
  integrity sha512-8oQkCTve4H4B4JpmD2FV7fV2ZPTxJHN//bRhCqPUU8v6c5APlxteAXyc7BFaEb4aGpUzrPLU4PoAcGhwmRzZTA==

"@rollup/rollup-android-arm64@4.45.3":
  version "4.45.3"
  resolved "https://registry.yarnpkg.com/@rollup/rollup-android-arm64/-/rollup-android-arm64-4.45.3.tgz#8ef8b51a8de699ea7e67aa1baa94d9918dc29b60"
  integrity sha512-StOsmdXHU2hx3UFTTs6yYxCSwSIgLsfjUBICXyWj625M32OOjakXlaZuGKL+jA3Nvv35+hMxrm/64eCoT07SYQ==

"@rollup/rollup-darwin-arm64@4.45.3":
  version "4.45.3"
  resolved "https://registry.yarnpkg.com/@rollup/rollup-darwin-arm64/-/rollup-darwin-arm64-4.45.3.tgz#c2720b34201d14f078b84022057bb8536a46ea04"
  integrity sha512-6CfLF3eqKhCdhK0GUnR5ZS99OFz+dtOeB/uePznLKxjCsk5QjT/V0eSEBb4vj+o/ri3i35MseSEQHCLLAgClVw==

"@rollup/rollup-darwin-x64@4.45.3":
  version "4.45.3"
  resolved "https://registry.yarnpkg.com/@rollup/rollup-darwin-x64/-/rollup-darwin-x64-4.45.3.tgz#f24f1c3681bca3a1403bd6695955bdfbd2efa925"
  integrity sha512-QLWyWmAJG9elNTNLdcSXUT/M+J7DhEmvs1XPHYcgYkse3UHf9iWTJ+yTPlKMIetiQnNi+cNp+gY4gvjDpREfKw==

"@rollup/rollup-freebsd-arm64@4.45.3":
  version "4.45.3"
  resolved "https://registry.yarnpkg.com/@rollup/rollup-freebsd-arm64/-/rollup-freebsd-arm64-4.45.3.tgz#2043d93cecb444248989b37615b3113c977a439b"
  integrity sha512-ZOvBq+5nL0yrZIEo1eq6r7MPvkJ8kC1XATS/yHvcq3WbDNKNKBQ1uIF4hicyzDMoJt72G+sn1nKsFXpifZyRDA==

"@rollup/rollup-freebsd-x64@4.45.3":
  version "4.45.3"
  resolved "https://registry.yarnpkg.com/@rollup/rollup-freebsd-x64/-/rollup-freebsd-x64-4.45.3.tgz#661651a4170059365e88b801baf65a160c5541e4"
  integrity sha512-AYvGR07wecEnyYSovyJ71pTOulbNvsrpRpK6i/IM1b0UGX1vFx51afYuPYPxnvE9aCl5xPnhQicEvdIMxClRgQ==

"@rollup/rollup-linux-arm-gnueabihf@4.45.3":
  version "4.45.3"
  resolved "https://registry.yarnpkg.com/@rollup/rollup-linux-arm-gnueabihf/-/rollup-linux-arm-gnueabihf-4.45.3.tgz#709aef0070048462dff346a82eff0d66e0a03e35"
  integrity sha512-Yx8Cp38tfRRToVLuIWzBHV25/QPzpUreOPIiUuNV7KahNPurYg2pYQ4l7aYnvpvklO1riX4643bXLvDsYSBIrA==

"@rollup/rollup-linux-arm-musleabihf@4.45.3":
  version "4.45.3"
  resolved "https://registry.yarnpkg.com/@rollup/rollup-linux-arm-musleabihf/-/rollup-linux-arm-musleabihf-4.45.3.tgz#762697b38807c9fc8cb837882f56a3e3280315bf"
  integrity sha512-4dIYRNxlXGDKnO6qgcda6LxnObPO6r1OBU9HG8F9pAnHHLtfbiOqCzDvkeHknx+5mfFVH4tWOl+h+cHylwsPWA==

"@rollup/rollup-linux-arm64-gnu@4.45.3":
  version "4.45.3"
  resolved "https://registry.yarnpkg.com/@rollup/rollup-linux-arm64-gnu/-/rollup-linux-arm64-gnu-4.45.3.tgz#deab5f779b88f9b5aa5158887eb016d319db213d"
  integrity sha512-M6uVlWKmhLN7LguLDu6396K1W5IBlAaRonjlHQgc3s4dOGceu0FeBuvbXiUPYvup/6b5Ln7IEX7XNm68DN4vrg==

"@rollup/rollup-linux-arm64-musl@4.45.3":
  version "4.45.3"
  resolved "https://registry.yarnpkg.com/@rollup/rollup-linux-arm64-musl/-/rollup-linux-arm64-musl-4.45.3.tgz#5dc84ae2ebf1a0a44b665b189c68f4e566ef8081"
  integrity sha512-emaYiOTQJUd6fC9a6jcw9zIWtzaUiuBC+vomggaM4In2iOra/lA6IMHlqZqQZr08NYXrOPMVigreLMeSAwv3Uw==

"@rollup/rollup-linux-loongarch64-gnu@4.45.3":
  version "4.45.3"
  resolved "https://registry.yarnpkg.com/@rollup/rollup-linux-loongarch64-gnu/-/rollup-linux-loongarch64-gnu-4.45.3.tgz#7a81a80967645f449d9cea1323cc4ad332353879"
  integrity sha512-3P77T5AQ4UfVRJSrTKLiUZDJ6XsxeP80027bp6mOFh8sevSD038mYuIYFiUtrSJxxgFb+NgRJFF9oIa0rlUsmg==

"@rollup/rollup-linux-ppc64-gnu@4.45.3":
  version "4.45.3"
  resolved "https://registry.yarnpkg.com/@rollup/rollup-linux-ppc64-gnu/-/rollup-linux-ppc64-gnu-4.45.3.tgz#854cb262087015be2b87feb1214917d9cdaacd15"
  integrity sha512-/VPH3ZVeSlmCBPhZdx/+4dMXDjaGMhDsWOBo9EwSkGbw2+OAqaslL53Ao2OqCxR0GgYjmmssJ+OoG+qYGE7IBg==

"@rollup/rollup-linux-riscv64-gnu@4.45.3":
  version "4.45.3"
  resolved "https://registry.yarnpkg.com/@rollup/rollup-linux-riscv64-gnu/-/rollup-linux-riscv64-gnu-4.45.3.tgz#3d13ca09c9fda0d47c2e642f285fa7f250a06e02"
  integrity sha512-Hs5if0PjROl1MGMmZX3xMAIfqcGxQE2SJWUr/CpDQsOQn43Wq4IvXXxUMWtiY/BrzdqCCJlRgJ5DKxzS3qWkCw==

"@rollup/rollup-linux-riscv64-musl@4.45.3":
  version "4.45.3"
  resolved "https://registry.yarnpkg.com/@rollup/rollup-linux-riscv64-musl/-/rollup-linux-riscv64-musl-4.45.3.tgz#c88a78bdcb0307ee9c8bf27288c061e90bffa985"
  integrity sha512-Qm0WOwh3Lk388+HJFl1ILGbd2iOoQf6yl4fdGqOjBzEA+5JYbLcwd+sGsZjs5pkt8Cr/1G42EiXmlRp9ZeTvFA==

"@rollup/rollup-linux-s390x-gnu@4.45.3":
  version "4.45.3"
  resolved "https://registry.yarnpkg.com/@rollup/rollup-linux-s390x-gnu/-/rollup-linux-s390x-gnu-4.45.3.tgz#de344927b2fb240129c88e44798757dcedc58c14"
  integrity sha512-VJdknTaYw+TqXzlh9c7vaVMh/fV2sU8Khfk4a9vAdYXJawpjf6z3U1k7vDWx2IQ9ZOPoOPxgVpDfYOYhxD7QUA==

"@rollup/rollup-linux-x64-gnu@4.45.3":
  version "4.45.3"
  resolved "https://registry.yarnpkg.com/@rollup/rollup-linux-x64-gnu/-/rollup-linux-x64-gnu-4.45.3.tgz#d4137cdf72bc2cba7a9cdcab6a7d4f5cfa8b7f50"
  integrity sha512-SUDXU5YabLAMl86FpupSQQEWzVG8X0HM+Q/famnJusbPiUgQnTGuSxtxg4UAYgv1ZmRV1nioYYXsgtSokU/7+Q==

"@rollup/rollup-linux-x64-musl@4.45.3":
  version "4.45.3"
  resolved "https://registry.yarnpkg.com/@rollup/rollup-linux-x64-musl/-/rollup-linux-x64-musl-4.45.3.tgz#9b9077aedbdd8ce1d48f4451879be90609c58f68"
  integrity sha512-ezmqknOUFgZMN6wW+Avlo4sXF3Frswd+ncrwMz4duyZ5Eqd+dAYgJ+A1MY+12LNZ7XDhCiijJceueYvtnzdviw==

"@rollup/rollup-win32-arm64-msvc@4.45.3":
  version "4.45.3"
  resolved "https://registry.yarnpkg.com/@rollup/rollup-win32-arm64-msvc/-/rollup-win32-arm64-msvc-4.45.3.tgz#9cb0b12fa1c6109ee1475d3b2274693d48044a02"
  integrity sha512-1YfXoUEE++gIW66zNB9Twd0Ua5xCXpfYppFUxVT/Io5ZT3fO6Se+C/Jvmh3usaIHHyi53t3kpfjydO2GAy5eBA==

"@rollup/rollup-win32-ia32-msvc@4.45.3":
  version "4.45.3"
  resolved "https://registry.yarnpkg.com/@rollup/rollup-win32-ia32-msvc/-/rollup-win32-ia32-msvc-4.45.3.tgz#ba172c28e1c04bfc342b600d84bfc42afb952704"
  integrity sha512-Iok2YA3PvC163rVZf2Zy81A0g88IUcSPeU5pOilcbICXre2EP1mxn1Db/l09Z/SK1vdSLtpJXAnwGuMOyf5O9g==

"@rollup/rollup-win32-x64-msvc@4.45.3":
  version "4.45.3"
  resolved "https://registry.yarnpkg.com/@rollup/rollup-win32-x64-msvc/-/rollup-win32-x64-msvc-4.45.3.tgz#d2e36b2639dc35f490423c8c10111a0a0f40102f"
  integrity sha512-HwHCH5GQTOeGYP5wBEBXFVhfQecwRl24Rugoqhh8YwGarsU09bHhOKuqlyW4ZolZCan3eTUax7UJbGSmKSM51A==

"@types/estree@1.0.8":
  version "1.0.8"
  resolved "https://registry.yarnpkg.com/@types/estree/-/estree-1.0.8.tgz#958b91c991b1867ced318bedea0e215ee050726e"
  integrity sha512-dWHzHa2WqEXI/O1E9OjrocMTKJl2mSrEolh1Iomrv6U+JuNwaHXsXx9bLu5gG7BUWFIN0skIQJQ/L1rIex4X6w==

"@types/estree@^1.0.0":
  version "1.0.0"
  resolved "https://registry.yarnpkg.com/@types/estree/-/estree-1.0.0.tgz#5fb2e536c1ae9bf35366eed879e827fa59ca41c2"
  integrity sha512-WulqXMDUTYAXCjZnk6JtIHPigp55cVtDgDrO2gHRwhyJto21+1zbVCtOYB2L1F9w4qCQ0rOGWBnBe0FNTiEJIQ==

acorn@^8.14.0:
  version "8.15.0"
  resolved "https://registry.yarnpkg.com/acorn/-/acorn-8.15.0.tgz#a360898bc415edaac46c8241f6383975b930b816"
  integrity sha512-NZyJarBfL7nWwIq+FDL6Zp/yHEhePMNnnJ0y3qfieCrmNvYct8uvtiV41UvlSe6apAfk0fY1FbWx+NwfmpvtTg==

buffer-from@^1.0.0:
  version "1.1.2"
  resolved "https://registry.yarnpkg.com/buffer-from/-/buffer-from-1.1.2.tgz#2b146a6fd72e80b4f55d255f35ed59a3a9a41bd5"
  integrity sha512-E+XQCRwSbaaiChtv6k6Dwgc+bx+Bs6vuKJHHl5kox/BaKbhiXzqQOwK4cO22yElGp2OCmjwVhT3HmxgyPGnJfQ==

commander@^2.20.0:
  version "2.20.3"
  resolved "https://registry.yarnpkg.com/commander/-/commander-2.20.3.tgz#fd485e84c03eb4881c20722ba48035e8531aeb33"
  integrity sha512-GpVkmM8vF2vQUkj2LvZmD35JxeJOLCwJ9cUkugyk2nuhbv3+mJvpLYYt+0+USMxE+oj+ey/lJEnhZw75x/OMcQ==

estree-walker@^2.0.2:
  version "2.0.2"
  resolved "https://registry.yarnpkg.com/estree-walker/-/estree-walker-2.0.2.tgz#52f010178c2a4c117a7757cfe942adb7d2da4cac"
  integrity sha512-Rfkk/Mp/DL7JVje3u18FxFujQlTNR2q6QfMSMB7AvCBx91NGj/ba3kCfza0f6dVDbw7YlRf/nDrn7pQrCCyQ/w==

fsevents@~2.3.2:
  version "2.3.2"
  resolved "https://registry.yarnpkg.com/fsevents/-/fsevents-2.3.2.tgz#8a526f78b8fdf4623b709e0b975c52c24c02fd1a"
  integrity sha512-xiqMQR4xAeHTuB9uWm+fFRcIOgKBMiOBP+eXiyT7jsgVCq1bkVygt00oASowB7EdtpOHaaPgKt812P9ab+DDKA==

function-bind@^1.1.1:
  version "1.1.1"
  resolved "https://registry.yarnpkg.com/function-bind/-/function-bind-1.1.1.tgz#a56899d3ea3c9bab874bb9773b7c5ede92f4895d"
  integrity sha512-yIovAzMX49sF8Yl58fSCWJ5svSLuaibPxXQJFLmBObTuCr0Mf1KiPopGM9NiFjiYBCbfaa2Fh6breQ6ANVTI0A==

has@^1.0.3:
  version "1.0.3"
  resolved "https://registry.yarnpkg.com/has/-/has-1.0.3.tgz#722d7cbfc1f6aa8241f16dd814e011e1f41e8796"
  integrity sha512-f2dvO0VU6Oej7RkWJGrehjbzMAjFp5/VKPp5tTpWIV4JHHZK1/BxbFRtf/siA2SWTe09caDmVtYYzWEIbBS4zw==
  dependencies:
    function-bind "^1.1.1"

is-core-module@^2.9.0:
  version "2.10.0"
  resolved "https://registry.yarnpkg.com/is-core-module/-/is-core-module-2.10.0.tgz#9012ede0a91c69587e647514e1d5277019e728ed"
  integrity sha512-Erxj2n/LDAZ7H8WNJXd9tw38GYM3dv8rk8Zcs+jJuxYTW7sozH+SS8NtrSjVL1/vpLvWi1hxy96IzjJ3EHTJJg==
  dependencies:
    has "^1.0.3"

path-parse@^1.0.7:
  version "1.0.7"
  resolved "https://registry.yarnpkg.com/path-parse/-/path-parse-1.0.7.tgz#fbc114b60ca42b30d9daf5858e4bd68bbedb6735"
  integrity sha512-LDJzPVEEEPR+y48z93A0Ed0yXb8pAByGWo/k5YYdYgpY2/2EsOsksJrq7lOHxryrVOn1ejG6oAp8ahvOIQD8sw==

picomatch@^2.3.1:
  version "2.3.1"
  resolved "https://registry.yarnpkg.com/picomatch/-/picomatch-2.3.1.tgz#3ba3833733646d9d3e4995946c1365a67fb07a42"
  integrity sha512-JU3teHTNjmE2VCGFzuY8EXzCDVwEqB2a8fsIvwaStHhAWJEeVd1o1QD80CU6+ZdEXXSLbSsuLwJjkCBWqRQUVA==

resolve@^1.22.1:
  version "1.22.1"
  resolved "https://registry.yarnpkg.com/resolve/-/resolve-1.22.1.tgz#27cb2ebb53f91abb49470a928bba7558066ac177"
  integrity sha512-nBpuuYuY5jFsli/JIs1oldw6fOQCBioohqWZg/2hiaOybXOft4lonv85uDOKXdf8rhyK159cxU5cDcK/NKk8zw==
  dependencies:
    is-core-module "^2.9.0"
    path-parse "^1.0.7"
    supports-preserve-symlinks-flag "^1.0.0"

rollup@4.45.3:
  version "4.45.3"
  resolved "https://registry.yarnpkg.com/rollup/-/rollup-4.45.3.tgz#822cea375d67eb974e9ef97a6313aa7e61ea6482"
  integrity sha512-STwyHZF3G+CrmZhB+qDiROq9s8B5PrOCYN6dtmOvwz585XBnyeHk1GTEhHJtUVb355/9uZhOazyVclTt5uahzA==
  dependencies:
    "@types/estree" "1.0.8"
  optionalDependencies:
    "@rollup/rollup-android-arm-eabi" "4.45.3"
    "@rollup/rollup-android-arm64" "4.45.3"
    "@rollup/rollup-darwin-arm64" "4.45.3"
    "@rollup/rollup-darwin-x64" "4.45.3"
    "@rollup/rollup-freebsd-arm64" "4.45.3"
    "@rollup/rollup-freebsd-x64" "4.45.3"
    "@rollup/rollup-linux-arm-gnueabihf" "4.45.3"
    "@rollup/rollup-linux-arm-musleabihf" "4.45.3"
    "@rollup/rollup-linux-arm64-gnu" "4.45.3"
    "@rollup/rollup-linux-arm64-musl" "4.45.3"
    "@rollup/rollup-linux-loongarch64-gnu" "4.45.3"
    "@rollup/rollup-linux-ppc64-gnu" "4.45.3"
    "@rollup/rollup-linux-riscv64-gnu" "4.45.3"
    "@rollup/rollup-linux-riscv64-musl" "4.45.3"
    "@rollup/rollup-linux-s390x-gnu" "4.45.3"
    "@rollup/rollup-linux-x64-gnu" "4.45.3"
    "@rollup/rollup-linux-x64-musl" "4.45.3"
    "@rollup/rollup-win32-arm64-msvc" "4.45.3"
    "@rollup/rollup-win32-ia32-msvc" "4.45.3"
    "@rollup/rollup-win32-x64-msvc" "4.45.3"
    fsevents "~2.3.2"

source-map-support@~0.5.20:
  version "0.5.21"
  resolved "https://registry.yarnpkg.com/source-map-support/-/source-map-support-0.5.21.tgz#04fe7c7f9e1ed2d662233c28cb2b35b9f63f6e4f"
  integrity sha512-uBHU3L3czsIyYXKX88fdrGovxdSCoTGDRZ6SYXtSRxLZUzHg5P/66Ht6uoUlHu9EZod+inXhKo3qQgwXUT/y1w==
  dependencies:
    buffer-from "^1.0.0"
    source-map "^0.6.0"

source-map@^0.6.0:
  version "0.6.1"
  resolved "https://registry.yarnpkg.com/source-map/-/source-map-0.6.1.tgz#74722af32e9614e9c287a8d0bbde48b5e2f1a263"
  integrity sha512-UjgapumWlbMhkBgzT7Ykc5YXUT46F0iKu8SGXq0bcwP5dz/h0Plj6enJqjz1Zbq2l5WaqYnrVbwWOWMyF3F47g==

supports-preserve-symlinks-flag@^1.0.0:
  version "1.0.0"
  resolved "https://registry.yarnpkg.com/supports-preserve-symlinks-flag/-/supports-preserve-symlinks-flag-1.0.0.tgz#6eda4bd344a3c94aea376d4cc31bc77311039e09"
  integrity sha512-ot0WnXS9fgdkgIcePe6RHNk1WA8+muPa6cSjeR3V8K27q9BB1rTE3R1p7Hv0z1ZyAc8s6Vvv8DIyWf681MAt0w==

terser@^5.15.1:
  version "5.43.1"
  resolved "https://registry.yarnpkg.com/terser/-/terser-5.43.1.tgz#88387f4f9794ff1a29e7ad61fb2932e25b4fdb6d"
  integrity sha512-+6erLbBm0+LROX2sPXlUYx/ux5PyE9K/a92Wrt6oA+WDAoFTdpHE5tCYCI5PNzq2y8df4rA+QgHLJuR4jNymsg==
  dependencies:
    "@jridgewell/source-map" "^0.3.3"
    acorn "^8.14.0"
    commander "^2.20.0"
    source-map-support "~0.5.20"

tslib@2.8.1:
  version "2.8.1"
  resolved "https://registry.yarnpkg.com/tslib/-/tslib-2.8.1.tgz#612efe4ed235d567e8aba5f2a5fab70280ade83f"
  integrity sha512-oJFu94HQb+KVduSUQL7wnpmqnfmLsOA/nAh6b6EH0wCEoK0/mPeXU6c3wKDV83MkOuHPRHtSXKKU99IBazS/2w==

typescript@5.8.3:
  version "5.8.3"
  resolved "https://registry.yarnpkg.com/typescript/-/typescript-5.8.3.tgz#92f8a3e5e3cf497356f4178c34cd65a7f5e8440e"
  integrity sha512-p1diW6TqL9L07nNxvRMM7hMMw4c5XOo/1ibL4aAIGmSAt9slTE1Xgw5KWuof2uTOvCg9BY7ZRi+GaF+7sfgPeQ==
